
Microsoft Visual Studio Solution File, Format Version 12.00
# Visual Studio 15
VisualStudioVersion = 15.0.26124.0
MinimumVisualStudioVersion = 15.0.26124.0
Project("{2150E333-8FDC-42A3-9474-1A3956D46DE8}") = "src", "src", "{5CF50B5F-1FDB-43CE-8E69-3E3A1BBCDCC4}"
EndProject
Project("{FAE04EC0-301F-11D3-BF4B-00C04F79EFBC}") = "Snipper.Web", "src\Snipper.Web\Snipper.Web.csproj", "{38E74961-2870-4A33-B2CC-9E801508E1FE}"
EndProject
Global
	GlobalSection(SolutionConfigurationPlatforms) = preSolution
		Debug|Any CPU = Debug|Any CPU
		Debug|x64 = Debug|x64
		Debug|x86 = Debug|x86
		Release|Any CPU = Release|Any CPU
		Release|x64 = Release|x64
		Release|x86 = Release|x86
	EndGlobalSection
	GlobalSection(SolutionProperties) = preSolution
		HideSolutionNode = FALSE
	EndGlobalSection
	GlobalSection(ProjectConfigurationPlatforms) = postSolution
		{38E74961-2870-4A33-B2CC-9E801508E1FE}.Debug|Any CPU.ActiveCfg = Debug|Any CPU
		{38E74961-2870-4A33-B2CC-9E801508E1FE}.Debug|Any CPU.Build.0 = Debug|Any CPU
		{38E74961-2870-4A33-B2CC-9E801508E1FE}.Debug|x64.ActiveCfg = Debug|Any CPU
		{38E74961-2870-4A33-B2CC-9E801508E1FE}.Debug|x64.Build.0 = Debug|Any CPU
		{38E74961-2870-4A33-B2CC-9E801508E1FE}.Debug|x86.ActiveCfg = Debug|Any CPU
		{38E74961-2870-4A33-B2CC-9E801508E1FE}.Debug|x86.Build.0 = Debug|Any CPU
		{38E74961-2870-4A33-B2CC-9E801508E1FE}.Release|Any CPU.ActiveCfg = Release|Any CPU
		{38E74961-2870-4A33-B2CC-9E801508E1FE}.Release|Any CPU.Build.0 = Release|Any CPU
		{38E74961-2870-4A33-B2CC-9E801508E1FE}.Release|x64.ActiveCfg = Release|Any CPU
		{38E74961-2870-4A33-B2CC-9E801508E1FE}.Release|x64.Build.0 = Release|Any CPU
		{38E74961-2870-4A33-B2CC-9E801508E1FE}.Release|x86.ActiveCfg = Release|Any CPU
		{38E74961-2870-4A33-B2CC-9E801508E1FE}.Release|x86.Build.0 = Release|Any CPU
	EndGlobalSection
	GlobalSection(NestedProjects) = preSolution
		{38E74961-2870-4A33-B2CC-9E801508E1FE} = {5CF50B5F-1FDB-43CE-8E69-3E3A1BBCDCC4}
	EndGlobalSection
EndGlobal
